github.com/Shopify/sarama v1.16.0 h1:9pI5+ZN06jB3bu5kHXqzzaErMC5rimcIZBQL9IOiEQ0=
github.com/Shopify/sarama v1.16.0/go.mod h1:FVkBWblsNy7DGZRfXLU0O9RCGt5g3g3yEuWXgklEdEo=
github.com/Shopify/toxiproxy v2.1.3+incompatible h1:awiJqUYH4q4OmoBiRccJykjd7B+w0loJi2keSna4X/M=
github.com/Shopify/toxiproxy v2.1.3+incompatible/go.mod h1:OXgGpZ6Cli1/URJOF1DMxUHB2q5Ap20/P/eIdh4G0pI=
github.com/beorn7/perks v0.0.0-20180321164747-3a771d992973 h1:xJ4a3vCFaGF/jqvzLMYoU8P317H5OQ+Via4RmuPwCS0=
github.com/beorn7/perks v0.0.0-20180321164747-3a771d992973/go.mod h1:Dwedo/Wpr24TaqPxmxbtue+5NUziq4I4S80YR8gNf3Q=
github.com/codahale/hdrhistogram v0.0.0-20161010025455-3a0bb77429bd h1:qMd81Ts1T2OTKmB4acZcyKaMtRnY5Y44NuXGX2GFJ1w=
github.com/codahale/hdrhistogram v0.0.0-20161010025455-3a0bb77429bd/go.mod h1:sE/e/2PUdi/liOCUjSTXgM1o87ZssimdTWN964YiIeI=
github.com/davecgh/go-spew v1.1.0 h1:ZDRjVQ15GmhC3fiQ8ni8+OwkZQO4DARzQgrnXU1Liz8=
github.com/davecgh/go-spew v1.1.0/go.mod h1:J7Y8YcW2NihsgmVo/mv3lAwl/skON4iLHjSsI+c5H38=
github.com/eapache/go-resiliency v1.1.0 h1:1NtRmCAqadE2FN4ZcN6g90TP3uk8cg9rn9eNK2197aU=
github.com/eapache/go-resiliency v1.1.0/go.mod h1:kFI+JgMyC7bLPUVY133qvEBtVayf5mFgVsvEsIPBvNs=
github.com/eapache/go-xerial-snappy v0.0.0-20160609142408-bb955e01b934 h1:oGLoaVIefp3tiOgi7+KInR/nNPvEpPM6GFo+El7fd14=
github.com/eapache/go-xerial-snappy v0.0.0-20160609142408-bb955e01b934/go.mod h1:+020luEh2TKB4/GOp8oxxtq0Daoen/Cii55CzbTV6DU=
github.com/eapache/queue v1.1.0 h1:YOEu7KNc61ntiQlcEeUIoDTJ2o8mQznoNvUhiigpIqc=
github.com/eapache/queue v1.1.0/go.mod h1:6eCeP0CKFpHLu8blIFXhExK/dRa7WDZfr6jVFPTqq+I=
github.com/golang/protobuf v1.1.0 h1:0iH4Ffd/meGoXqF2lSAhZHt8X+cPgkfn/cb6Cce5Vpc=
github.com/golang/protobuf v1.1.0/go.mod h1:6lQm79b+lXiMfvg/cZm0SGofjICqVBUtrP5yJMmIC1U=
github.com/golang/snappy v0.0.0-20170215233205-553a64147049 h1:K9KHZbXKpGydfDN0aZrsoHpLJlZsBrGMFWbgLDGnPZk=
github.com/golang/snappy v0.0.0-20170215233205-553a64147049/go.mod h1:/XxbfmMg8lxefKM7IXC3fBNl/7bRcc72aCRzEWrmP2Q=
github.com/google/uuid v1.1.0 h1:Jf4mxPC/ziBnoPIdpQdPJ9OeiomAUHLvxmPRSPH9m4s=
github.com/google/uuid v1.1.0/go.mod h1:TIyPZe4MgqvfeYDBFedMoGGpEw/LqOeaOT+nhxU+yHo=
github.com/julienschmidt/httprouter v0.0.0-20180411154501-adbc77eec0d9 h1:TrJiKy0TujUDAEeXQCwLjfoU0JtkOG3yImw3jAWJxo0=
github.com/julienschmidt/httprouter v0.0.0-20180411154501-adbc77eec0d9/go.mod h1:SYymIcj16QtmaHHD7aYtjjsJG7VTCxuUUipMqKk8s4w=
github.com/matttproud/golang_protobuf_extensions v1.0.1 h1:4hp9jkHxhMHkqkrB3Ix0jegS5sx/RkqARlsWZ6pIwiU=
github.com/matttproud/golang_protobuf_extensions v1.0.1/go.mod h1:D8He9yQNgCq6Z5Ld7szi9bcBfOoFv/3dc6xSMkL2PC0=
github.com/opentracing-contrib/go-stdlib v0.0.0-20180313041242-367231351874 h1:DtlPgOQ8cofwtTZHaYqLk6KWee3AfvYCi0pcZ1K8d58=
github.com/opentracing-contrib/go-stdlib v0.0.0-20180313041242-367231351874/go.mod h1:PLldrQSroqzH70Xl+1DQcGnefIbqsKR7UDaiux3zV+w=
github.com/opentracing/opentracing-go v0.0.0-20180606204148-bd9c31933947 h1:QfUW13Itj7jGDmmRoBh3/ZKOxAQv4mhpN+m2Ed4EUJ4=
github.com/opentracing/opentracing-go v0.0.0-20180606204148-bd9c31933947/go.mod h1:UkNAQd3GIcIGf0SeVgPpRdFStlNbqXla1AfSYxPUl2o=
github.com/pierrec/lz4 v0.0.0-20171218195038-2fcda4cb7018 h1:evK2lBbc5w4EFMMs3onLGK1IqzGD3d0RsSGtLJGj+qg=
github.com/pierrec/lz4 v0.0.0-20171218195038-2fcda4cb7018/go.mod h1:pdkljMzZIN41W+lC3N2tnIh5sFi+IEE17M5jbnwPHcY=
github.com/pierrec/xxHash v0.1.1 h1:KP4NrV9023xp3M4FkTYfcXqWigsOCImL1ANJ7sh5vg4=
github.com/pierrec/xxHash v0.1.1/go.mod h1:w2waW5Zoa/Wc4Yqe0wgrIYAGKqRMf7czn2HNKXmuL+I=
github.com/pkg/errors v0.8.0 h1:WdK/asTD0HN+q6hsWO3/vpuAkAr+tw6aNJNDFFf0+qw=
github.com/pkg/errors v0.8.0/go.mod h1:bwawxfHBFNV+L2hUp1rHADufV3IMtnDRdf1r5NINEl0=
github.com/pmezard/go-difflib v1.0.0 h1:4DBwDE0NGyQoBHbLQYPwSUPoCMWR5BEzIk/f1lZbAQM=
github.com/pmezard/go-difflib v1.0.0/go.mod h1:iKH77koFhYxTK1pcRnkKkqfTogsbg7gZNVY4sRDYZ/4=
github.com/prometheus/client_golang v0.8.0 h1:1921Yw9Gc3iSc4VQh3PIoOqgPCZS7G/4xQNVUp8Mda8=
github.com/prometheus/client_golang v0.8.0/go.mod h1:7SWBe2y4D6OKWSNQJUaRYU/AaXPKyh/dDVn+NZz0KFw=
github.com/prometheus/client_model v0.0.0-20171117100541-99fa1f4be8e5 h1:cLL6NowurKLMfCeQy4tIeph12XNQWgANCNvdyrOYKV4=
github.com/prometheus/client_model v0.0.0-20171117100541-99fa1f4be8e5/go.mod h1:MbSGuTsp3dbXC40dX6PRTWyKYBIrTGTE9sqQNg2J8bo=
github.com/prometheus/common v0.0.0-20180518154759-7600349dcfe1 h1:osmNoEW2SCW3L7EX0km2LYM8HKpNWRiouxjE3XHkyGc=
github.com/prometheus/common v0.0.0-20180518154759-7600349dcfe1/go.mod h1:daVV7qP5qjZbuso7PdcryaAu0sAZbrN9i7WWcTMWvro=
github.com/prometheus/procfs v0.0.0-20180601124529-94663424ae5a h1:Qs9Yu4moby3L1ECWFy8vhMlj32/+/kwps8zah0+aLqg=
github.com/prometheus/procfs v0.0.0-20180601124529-94663424ae5a/go.mod h1:c3At6R/oaqEKCNdg8wHV1ftS6bRYblBhIjjI8uT2IGk=
github.com/rcrowley/go-metrics v0.0.0-20180406234716-d932a24a8ccb h1:aiaXBnYotW4Sa4NB0QK9jimjnfwCQTzGnNSkZ/qjxlM=
github.com/rcrowley/go-metrics v0.0.0-20180406234716-d932a24a8ccb/go.mod h1:bCqnVzQkZxMG4s8nGwiZ5l3QUCyqpo9Y+/ZMZ9VjZe4=
github.com/rs/zerolog v1.5.0 h1:80OaKAATLP7wQBHDS3IynxVycyIGmnWmPYCVd6AFQxY=
github.com/rs/zerolog v1.5.0/go.mod h1:YbFCdg8HfsridGWAh22vktObvhZbQsZXe4/zB0OKkWU=
github.com/shurcooL/sanitized_anchor_name v0.0.0-20170918181015-86672fcb3f95 h1:/vdW8Cb7EXrkqWGufVMES1OH2sU9gKVb2n9/1y5NMBY=
github.com/shurcooL/sanitized_anchor_name v0.0.0-20170918181015-86672fcb3f95/go.mod h1:1NzhyTcUVG4SuEtjjoZeVRXNmyL/1OwPU0+IJeTBvfc=
github.com/streadway/amqp v0.0.0-20180315184602-8e4aba63da9f h1:q//3aFQhyA8sBywUCO9DlDoFZFitzVhnght/YhKrQ6s=
github.com/streadway/amqp v0.0.0-20180315184602-8e4aba63da9f/go.mod h1:1WNBiOZtZQLpVAyu0iTduoJL9hEsMloAK5XWrtW0xdY=
github.com/stretchr/testify v1.2.1 h1:52QO5WkIUcHGIR7EnGagH88x1bUzqGXTC5/1bDTUQ7U=
github.com/stretchr/testify v1.2.1/go.mod h1:a8OnRcib4nhh0OaRAV+Yts87kKdq0PP7pXfy6kDkUVs=
github.com/uber-go/atomic v1.3.2 h1:Azu9lPBWRNKzYXSIwRfgRuDuS0YKsK4NFhiQv98gkxo=
github.com/uber-go/atomic v1.3.2/go.mod h1:/Ct5t2lcmbJ4OSe/waGBoaVvVqtO0bmtfVNex1PFV8g=
github.com/uber/jaeger-client-go v2.14.0+incompatible h1:1KGTNRby0tDiVDDhvzL0pz0N26M9DobVCfSqz4Z/UPc=
github.com/uber/jaeger-client-go v2.14.0+incompatible/go.mod h1:WVhlPFC8FDjOFMMWRy2pZqQJSXxYSwNYOkTr/Z6d3Kk=
github.com/uber/jaeger-lib v1.5.0 h1:OHbgr8l656Ub3Fw5k9SWnBfIEwvoHQ+W2y+Aa9D1Uyo=
github.com/uber/jaeger-lib v1.5.0/go.mod h1:ComeNDZlWwrWnDv8aPp0Ba6+uUTzImX/AauajbLI56U=
go.uber.org/atomic v1.3.2 h1:2Oa65PReHzfn29GpvgsYwloV9AVFHPDk8tYxt2c2tr4=
go.uber.org/atomic v1.3.2/go.mod h1:gD2HeocX3+yG+ygLZcrzQJaqmWj9AIm7n08wl/qW/PE=
golang.org/x/net v0.0.0-20180826012351-8a410e7b638d h1:g9qWBGx4puODJTMVyoPrpoxPFgVGd+z1DZwjfRu4d0I=
golang.org/x/net v0.0.0-20180826012351-8a410e7b638d/go.mod h1:mL1N/T3taQHkDXs73rZJwtUhF3w3ftmwwsq0BUmARs4=
golang.org/x/sync v0.0.0-20180314180146-1d60e4601c6f h1:wMNYb4v58l5UBM7MYRLPG6ZhfOqbKu7X5eyFl8ZhKvA=
golang.org/x/sync v0.0.0-20180314180146-1d60e4601c6f/go.mod h1:RxMgew5VJxzue5/jJTE5uejpjVlOe/izrB70Jof72aM=
gopkg.in/russross/blackfriday.v2 v2.0.0 h1:+FlnIV8DSQnT7NZ43hcVKcdJdzZoeCmJj4Ql8gq5keA=
gopkg.in/russross/blackfriday.v2 v2.0.0/go.mod h1:6sSBNz/GtOm/pJTuh5UmBK2ZHfmnxGbl2NZg1UliSOI=
